// !$*UTF8*$!
{
	archiveVersion = 1;
	classes = {
	};
	objectVersion = 46;
	objects = {

/* Begin PBXBuildFile section */
		810AA73C1AD5DCA100E8FF25 /* SF.jpg in Resources */ = {isa = PBXBuildFile; fileRef = 810AA73B1AD5DCA100E8FF25 /* SF.jpg */; };
		810AA73E1AD6501100E8FF25 /* NavigationController.swift in Sources */ = {isa = PBXBuildFile; fileRef = 810AA73D1AD6501100E8FF25 /* NavigationController.swift */; };
		810AA7401AD7741B00E8FF25 /* TextField.swift in Sources */ = {isa = PBXBuildFile; fileRef = 810AA73F1AD7741B00E8FF25 /* TextField.swift */; };
		810AA7421AD78C9200E8FF25 /* InitialViewController.swift in Sources */ = {isa = PBXBuildFile; fileRef = 810AA7411AD78C9200E8FF25 /* InitialViewController.swift */; };
		810AA7441AD7995300E8FF25 /* thebay.jpg in Resources */ = {isa = PBXBuildFile; fileRef = 810AA7431AD7995300E8FF25 /* thebay.jpg */; };
		810AA7461AD79A8600E8FF25 /* sample.jpg in Resources */ = {isa = PBXBuildFile; fileRef = 810AA7451AD79A8600E8FF25 /* sample.jpg */; };
		8115EFC81AF88A8000280411 /* Constants.swift in Sources */ = {isa = PBXBuildFile; fileRef = 8115EFC71AF88A8000280411 /* Constants.swift */; };
		81291FE81AE09B4900793FC6 /* LandingViewController.swift in Sources */ = {isa = PBXBuildFile; fileRef = 81291FE71AE09B4900793FC6 /* LandingViewController.swift */; };
		81291FEA1AE09ECA00793FC6 /* SignUpViewController.swift in Sources */ = {isa = PBXBuildFile; fileRef = 81291FE91AE09ECA00793FC6 /* SignUpViewController.swift */; };
		813CA8B11AF84E8000B8EA6C /* SwiftyJSON.swift in Sources */ = {isa = PBXBuildFile; fileRef = 813CA8B01AF84E8000B8EA6C /* SwiftyJSON.swift */; };
		81483A651B3A088500DEE874 /* EditProfileViewController.swift in Sources */ = {isa = PBXBuildFile; fileRef = 81483A641B3A088500DEE874 /* EditProfileViewController.swift */; };
		815327591AD5B01C00D8D230 /* AppDelegate.swift in Sources */ = {isa = PBXBuildFile; fileRef = 815327581AD5B01C00D8D230 /* AppDelegate.swift */; };
		8153275B1AD5B01C00D8D230 /* FirstViewController.swift in Sources */ = {isa = PBXBuildFile; fileRef = 8153275A1AD5B01C00D8D230 /* FirstViewController.swift */; };
		8153275D1AD5B01C00D8D230 /* SecondViewController.swift in Sources */ = {isa = PBXBuildFile; fileRef = 8153275C1AD5B01C00D8D230 /* SecondViewController.swift */; };
		815327601AD5B01C00D8D230 /* Main.storyboard in Resources */ = {isa = PBXBuildFile; fileRef = 8153275E1AD5B01C00D8D230 /* Main.storyboard */; };
		815327621AD5B01C00D8D230 /* Images.xcassets in Resources */ = {isa = PBXBuildFile; fileRef = 815327611AD5B01C00D8D230 /* Images.xcassets */; };
		815327651AD5B01C00D8D230 /* LaunchScreen.xib in Resources */ = {isa = PBXBuildFile; fileRef = 815327631AD5B01C00D8D230 /* LaunchScreen.xib */; };
		815327711AD5B01C00D8D230 /* BayAreaChessTests.swift in Sources */ = {isa = PBXBuildFile; fileRef = 815327701AD5B01C00D8D230 /* BayAreaChessTests.swift */; };
		8153277B1AD5B8EA00D8D230 /* LoginViewController.swift in Sources */ = {isa = PBXBuildFile; fileRef = 8153277A1AD5B8EA00D8D230 /* LoginViewController.swift */; };
		815B4F6F1B49C10300CFB735 /* TournamentLocationAnnotation.swift in Sources */ = {isa = PBXBuildFile; fileRef = 815B4F6E1B49C10300CFB735 /* TournamentLocationAnnotation.swift */; };
		815B4F751B49C55C00CFB735 /* TournamentLocationViewControllerExtension.swift in Sources */ = {isa = PBXBuildFile; fileRef = 815B4F741B49C55C00CFB735 /* TournamentLocationViewControllerExtension.swift */; };
		815B4F771B4F112200CFB735 /* RegistrationViewController.swift in Sources */ = {isa = PBXBuildFile; fileRef = 815B4F761B4F112200CFB735 /* RegistrationViewController.swift */; };
		819BB0871B3E0036002C9E2C /* address book@2x.png in Resources */ = {isa = PBXBuildFile; fileRef = 819BB0861B3E0036002C9E2C /* address book@2x.png */; };
		819BB08A1B447844002C9E2C /* TournamentInformation.swift in Sources */ = {isa = PBXBuildFile; fileRef = 819BB0891B447844002C9E2C /* TournamentInformation.swift */; };
		81E2ADBC1B4624FE005DB051 /* FlyerViewController.swift in Sources */ = {isa = PBXBuildFile; fileRef = 81E2ADBB1B4624FE005DB051 /* FlyerViewController.swift */; };
		81E2ADC21B46303C005DB051 /* TournamentLocationViewController.swift in Sources */ = {isa = PBXBuildFile; fileRef = 81E2ADC11B46303C005DB051 /* TournamentLocationViewController.swift */; };
		81E4B9A81AF324AF00A18621 /* TournamentsViewController.swift in Sources */ = {isa = PBXBuildFile; fileRef = 81E4B9A71AF324AF00A18621 /* TournamentsViewController.swift */; };
		81E4BA5A1AF40E0F00A18621 /* SwiftHTTP.framework in Frameworks */ = {isa = PBXBuildFile; fileRef = 81E4BA521AF40D0F00A18621 /* SwiftHTTP.framework */; };
/* End PBXBuildFile section */

/* Begin PBXContainerItemProxy section */
		8153276B1AD5B01C00D8D230 /* PBXContainerItemProxy */ = {
			isa = PBXContainerItemProxy;
			containerPortal = 8153274B1AD5B01C00D8D230 /* Project object */;
			proxyType = 1;
			remoteGlobalIDString = 815327521AD5B01C00D8D230;
			remoteInfo = BayAreaChess;
		};
		81E4BA511AF40D0F00A18621 /* PBXContainerItemProxy */ = {
			isa = PBXContainerItemProxy;
			containerPortal = 81E4BA4A1AF40D0E00A18621 /* SwiftHTTP.xcodeproj */;
			proxyType = 2;
			remoteGlobalIDString = 6BFD901619C8D8B500DD99B6;
			remoteInfo = SwiftHTTP;
		};
		81E4BA531AF40D0F00A18621 /* PBXContainerItemProxy */ = {
			isa = PBXContainerItemProxy;
			containerPortal = 81E4BA4A1AF40D0E00A18621 /* SwiftHTTP.xcodeproj */;
			proxyType = 2;
			remoteGlobalIDString = 6BFD902119C8D8B500DD99B6;
			remoteInfo = SwiftHTTPTests;
		};
		81E4BA551AF40D0F00A18621 /* PBXContainerItemProxy */ = {
			isa = PBXContainerItemProxy;
			containerPortal = 81E4BA4A1AF40D0E00A18621 /* SwiftHTTP.xcodeproj */;
			proxyType = 2;
			remoteGlobalIDString = D958025919E6EEEB003C8218;
			remoteInfo = SwiftHTTPOSX;
		};
		81E4BA571AF40D0F00A18621 /* PBXContainerItemProxy */ = {
			isa = PBXContainerItemProxy;
			containerPortal = 81E4BA4A1AF40D0E00A18621 /* SwiftHTTP.xcodeproj */;
			proxyType = 2;
			remoteGlobalIDString = D958026319E6EEEB003C8218;
			remoteInfo = SwiftHTTPOSXTests;
		};
/* End PBXContainerItemProxy section */

/* Begin PBXFileReference section */
		810AA73B1AD5DCA100E8FF25 /* SF.jpg */ = {isa = PBXFileReference; lastKnownFileType = image.jpeg; path = SF.jpg; sourceTree = "<group>"; };
		810AA73D1AD6501100E8FF25 /* NavigationController.swift */ = {isa = PBXFileReference; fileEncoding = 4; lastKnownFileType = sourcecode.swift; path = NavigationController.swift; sourceTree = "<group>"; };
		810AA73F1AD7741B00E8FF25 /* TextField.swift */ = {isa = PBXFileReference; fileEncoding = 4; lastKnownFileType = sourcecode.swift; path = TextField.swift; sourceTree = "<group>"; };
		810AA7411AD78C9200E8FF25 /* InitialViewController.swift */ = {isa = PBXFileReference; fileEncoding = 4; lastKnownFileType = sourcecode.swift; path = InitialViewController.swift; sourceTree = "<group>"; };
		810AA7431AD7995300E8FF25 /* thebay.jpg */ = {isa = PBXFileReference; lastKnownFileType = image.jpeg; path = thebay.jpg; sourceTree = "<group>"; };
		810AA7451AD79A8600E8FF25 /* sample.jpg */ = {isa = PBXFileReference; lastKnownFileType = image.jpeg; path = sample.jpg; sourceTree = "<group>"; };
		8115EFC71AF88A8000280411 /* Constants.swift */ = {isa = PBXFileReference; fileEncoding = 4; lastKnownFileType = sourcecode.swift; name = Constants.swift; path = ../Constants.swift; sourceTree = "<group>"; };
		81291FE71AE09B4900793FC6 /* LandingViewController.swift */ = {isa = PBXFileReference; fileEncoding = 4; lastKnownFileType = sourcecode.swift; path = LandingViewController.swift; sourceTree = "<group>"; };
		81291FE91AE09ECA00793FC6 /* SignUpViewController.swift */ = {isa = PBXFileReference; fileEncoding = 4; lastKnownFileType = sourcecode.swift; path = SignUpViewController.swift; sourceTree = "<group>"; };
		813CA8B01AF84E8000B8EA6C /* SwiftyJSON.swift */ = {isa = PBXFileReference; fileEncoding = 4; lastKnownFileType = sourcecode.swift; name = SwiftyJSON.swift; path = ../../../Desktop/SwiftyJSON/Source/SwiftyJSON.swift; sourceTree = "<group>"; };
		81483A641B3A088500DEE874 /* EditProfileViewController.swift */ = {isa = PBXFileReference; fileEncoding = 4; lastKnownFileType = sourcecode.swift; path = EditProfileViewController.swift; sourceTree = "<group>"; };
		815327531AD5B01C00D8D230 /* BayAreaChess.app */ = {isa = PBXFileReference; explicitFileType = wrapper.application; includeInIndex = 0; path = BayAreaChess.app; sourceTree = BUILT_PRODUCTS_DIR; };
		815327571AD5B01C00D8D230 /* Info.plist */ = {isa = PBXFileReference; lastKnownFileType = text.plist.xml; path = Info.plist; sourceTree = "<group>"; };
		815327581AD5B01C00D8D230 /* AppDelegate.swift */ = {isa = PBXFileReference; lastKnownFileType = sourcecode.swift; path = AppDelegate.swift; sourceTree = "<group>"; };
		8153275A1AD5B01C00D8D230 /* FirstViewController.swift */ = {isa = PBXFileReference; lastKnownFileType = sourcecode.swift; path = FirstViewController.swift; sourceTree = "<group>"; };
		8153275C1AD5B01C00D8D230 /* SecondViewController.swift */ = {isa = PBXFileReference; lastKnownFileType = sourcecode.swift; path = SecondViewController.swift; sourceTree = "<group>"; };
		8153275F1AD5B01C00D8D230 /* Base */ = {isa = PBXFileReference; lastKnownFileType = file.storyboard; name = Base; path = Base.lproj/Main.storyboard; sourceTree = "<group>"; };
		815327611AD5B01C00D8D230 /* Images.xcassets */ = {isa = PBXFileReference; lastKnownFileType = folder.assetcatalog; path = Images.xcassets; sourceTree = "<group>"; };
		815327641AD5B01C00D8D230 /* Base */ = {isa = PBXFileReference; lastKnownFileType = file.xib; name = Base; path = Base.lproj/LaunchScreen.xib; sourceTree = "<group>"; };
		8153276A1AD5B01C00D8D230 /* BayAreaChessTests.xctest */ = {isa = PBXFileReference; explicitFileType = wrapper.cfbundle; includeInIndex = 0; path = BayAreaChessTests.xctest; sourceTree = BUILT_PRODUCTS_DIR; };
		8153276F1AD5B01C00D8D230 /* Info.plist */ = {isa = PBXFileReference; lastKnownFileType = text.plist.xml; path = Info.plist; sourceTree = "<group>"; };
		815327701AD5B01C00D8D230 /* BayAreaChessTests.swift */ = {isa = PBXFileReference; lastKnownFileType = sourcecode.swift; path = BayAreaChessTests.swift; sourceTree = "<group>"; };
		8153277A1AD5B8EA00D8D230 /* LoginViewController.swift */ = {isa = PBXFileReference; fileEncoding = 4; lastKnownFileType = sourcecode.swift; path = LoginViewController.swift; sourceTree = "<group>"; };
		815B4F6E1B49C10300CFB735 /* TournamentLocationAnnotation.swift */ = {isa = PBXFileReference; fileEncoding = 4; lastKnownFileType = sourcecode.swift; path = TournamentLocationAnnotation.swift; sourceTree = "<group>"; };
		815B4F741B49C55C00CFB735 /* TournamentLocationViewControllerExtension.swift */ = {isa = PBXFileReference; fileEncoding = 4; lastKnownFileType = sourcecode.swift; path = TournamentLocationViewControllerExtension.swift; sourceTree = "<group>"; };
		815B4F761B4F112200CFB735 /* RegistrationViewController.swift */ = {isa = PBXFileReference; fileEncoding = 4; lastKnownFileType = sourcecode.swift; path = RegistrationViewController.swift; sourceTree = "<group>"; };
		819BB0861B3E0036002C9E2C /* address book@2x.png */ = {isa = PBXFileReference; lastKnownFileType = image.png; name = "address book@2x.png"; path = "../../../Downloads/free_retina_display_friendly_icons/png/address book@2x.png"; sourceTree = "<group>"; };
		819BB0891B447844002C9E2C /* TournamentInformation.swift */ = {isa = PBXFileReference; fileEncoding = 4; lastKnownFileType = sourcecode.swift; path = TournamentInformation.swift; sourceTree = "<group>"; };
		81E2ADBB1B4624FE005DB051 /* FlyerViewController.swift */ = {isa = PBXFileReference; fileEncoding = 4; lastKnownFileType = sourcecode.swift; path = FlyerViewController.swift; sourceTree = "<group>"; };
		81E2ADC11B46303C005DB051 /* TournamentLocationViewController.swift */ = {isa = PBXFileReference; fileEncoding = 4; lastKnownFileType = sourcecode.swift; path = TournamentLocationViewController.swift; sourceTree = "<group>"; };
		81E4B9A71AF324AF00A18621 /* TournamentsViewController.swift */ = {isa = PBXFileReference; fileEncoding = 4; lastKnownFileType = sourcecode.swift; path = TournamentsViewController.swift; sourceTree = "<group>"; };
		81E4BA4A1AF40D0E00A18621 /* SwiftHTTP.xcodeproj */ = {isa = PBXFileReference; lastKnownFileType = "wrapper.pb-project"; name = SwiftHTTP.xcodeproj; path = ../../Desktop/SwiftHTTP/SwiftHTTP.xcodeproj; sourceTree = "<group>"; };
/* End PBXFileReference section */

/* Begin PBXFrameworksBuildPhase section */
		815327501AD5B01C00D8D230 /* Frameworks */ = {
			isa = PBXFrameworksBuildPhase;
			buildActionMask = 2147483647;
			files = (
				81E4BA5A1AF40E0F00A18621 /* SwiftHTTP.framework in Frameworks */,
			);
			runOnlyForDeploymentPostprocessing = 0;
		};
		815327671AD5B01C00D8D230 /* Frameworks */ = {
			isa = PBXFrameworksBuildPhase;
			buildActionMask = 2147483647;
			files = (
			);
			runOnlyForDeploymentPostprocessing = 0;
		};
/* End PBXFrameworksBuildPhase section */

/* Begin PBXGroup section */
		8153274A1AD5B01C00D8D230 = {
			isa = PBXGroup;
			children = (
				81E4BA4A1AF40D0E00A18621 /* SwiftHTTP.xcodeproj */,
				815327551AD5B01C00D8D230 /* BayAreaChess */,
				8153276D1AD5B01C00D8D230 /* BayAreaChessTests */,
				815327541AD5B01C00D8D230 /* Products */,
			);
			sourceTree = "<group>";
		};
		815327541AD5B01C00D8D230 /* Products */ = {
			isa = PBXGroup;
			children = (
				815327531AD5B01C00D8D230 /* BayAreaChess.app */,
				8153276A1AD5B01C00D8D230 /* BayAreaChessTests.xctest */,
			);
			name = Products;
			sourceTree = "<group>";
		};
		815327551AD5B01C00D8D230 /* BayAreaChess */ = {
			isa = PBXGroup;
			children = (
				819BB0861B3E0036002C9E2C /* address book@2x.png */,
				810AA7451AD79A8600E8FF25 /* sample.jpg */,
				810AA7431AD7995300E8FF25 /* thebay.jpg */,
				810AA73B1AD5DCA100E8FF25 /* SF.jpg */,
				815327581AD5B01C00D8D230 /* AppDelegate.swift */,
				8115EFC71AF88A8000280411 /* Constants.swift */,
				8153275A1AD5B01C00D8D230 /* FirstViewController.swift */,
				8153275C1AD5B01C00D8D230 /* SecondViewController.swift */,
				8153275E1AD5B01C00D8D230 /* Main.storyboard */,
				815B4F761B4F112200CFB735 /* RegistrationViewController.swift */,
				81E2ADBB1B4624FE005DB051 /* FlyerViewController.swift */,
				81E2ADC11B46303C005DB051 /* TournamentLocationViewController.swift */,
				815B4F6E1B49C10300CFB735 /* TournamentLocationAnnotation.swift */,
				810AA73D1AD6501100E8FF25 /* NavigationController.swift */,
				815327611AD5B01C00D8D230 /* Images.xcassets */,
				815327631AD5B01C00D8D230 /* LaunchScreen.xib */,
				815327561AD5B01C00D8D230 /* Supporting Files */,
				8153277A1AD5B8EA00D8D230 /* LoginViewController.swift */,
				810AA73F1AD7741B00E8FF25 /* TextField.swift */,
				810AA7411AD78C9200E8FF25 /* InitialViewController.swift */,
				81291FE71AE09B4900793FC6 /* LandingViewController.swift */,
				81291FE91AE09ECA00793FC6 /* SignUpViewController.swift */,
				813CA8B01AF84E8000B8EA6C /* SwiftyJSON.swift */,
				81E4B9A71AF324AF00A18621 /* TournamentsViewController.swift */,
				81483A641B3A088500DEE874 /* EditProfileViewController.swift */,
				819BB0891B447844002C9E2C /* TournamentInformation.swift */,
				815B4F741B49C55C00CFB735 /* TournamentLocationViewControllerExtension.swift */,
			);
			path = BayAreaChess;
			sourceTree = "<group>";
		};
		815327561AD5B01C00D8D230 /* Supporting Files */ = {
			isa = PBXGroup;
			children = (
				815327571AD5B01C00D8D230 /* Info.plist */,
			);
			name = "Supporting Files";
			sourceTree = "<group>";
		};
		8153276D1AD5B01C00D8D230 /* BayAreaChessTests */ = {
			isa = PBXGroup;
			children = (
				815327701AD5B01C00D8D230 /* BayAreaChessTests.swift */,
				8153276E1AD5B01C00D8D230 /* Supporting Files */,
			);
			path = BayAreaChessTests;
			sourceTree = "<group>";
		};
		8153276E1AD5B01C00D8D230 /* Supporting Files */ = {
			isa = PBXGroup;
			children = (
				8153276F1AD5B01C00D8D230 /* Info.plist */,
			);
			name = "Supporting Files";
			sourceTree = "<group>";
		};
		81E4BA4B1AF40D0E00A18621 /* Products */ = {
			isa = PBXGroup;
			children = (
				81E4BA521AF40D0F00A18621 /* SwiftHTTP.framework */,
				81E4BA541AF40D0F00A18621 /* SwiftHTTPTests.xctest */,
				81E4BA561AF40D0F00A18621 /* SwiftHTTP.framework */,
				81E4BA581AF40D0F00A18621 /* SwiftHTTPOSXTests.xctest */,
			);
			name = Products;
			sourceTree = "<group>";
		};
/* End PBXGroup section */

/* Begin PBXNativeTarget section */
		815327521AD5B01C00D8D230 /* BayAreaChess */ = {
			isa = PBXNativeTarget;
			buildConfigurationList = 815327741AD5B01C00D8D230 /* Build configuration list for PBXNativeTarget "BayAreaChess" */;
			buildPhases = (
				8153274F1AD5B01C00D8D230 /* Sources */,
				815327501AD5B01C00D8D230 /* Frameworks */,
				815327511AD5B01C00D8D230 /* Resources */,
			);
			buildRules = (
			);
			dependencies = (
			);
			name = BayAreaChess;
			productName = BayAreaChess;
			productReference = 815327531AD5B01C00D8D230 /* BayAreaChess.app */;
			productType = "com.apple.product-type.application";
		};
		815327691AD5B01C00D8D230 /* BayAreaChessTests */ = {
			isa = PBXNativeTarget;
			buildConfigurationList = 815327771AD5B01C00D8D230 /* Build configuration list for PBXNativeTarget "BayAreaChessTests" */;
			buildPhases = (
				815327661AD5B01C00D8D230 /* Sources */,
				815327671AD5B01C00D8D230 /* Frameworks */,
				815327681AD5B01C00D8D230 /* Resources */,
			);
			buildRules = (
			);
			dependencies = (
				8153276C1AD5B01C00D8D230 /* PBXTargetDependency */,
			);
			name = BayAreaChessTests;
			productName = BayAreaChessTests;
			productReference = 8153276A1AD5B01C00D8D230 /* BayAreaChessTests.xctest */;
			productType = "com.apple.product-type.bundle.unit-test";
		};
/* End PBXNativeTarget section */

/* Begin PBXProject section */
		8153274B1AD5B01C00D8D230 /* Project object */ = {
			isa = PBXProject;
			attributes = {
				LastUpgradeCheck = 0610;
				ORGANIZATIONNAME = "Carlos Reyes";
				TargetAttributes = {
					815327521AD5B01C00D8D230 = {
						CreatedOnToolsVersion = 6.1.1;
						DevelopmentTeam = HNACG3848H;
					};
					815327691AD5B01C00D8D230 = {
						CreatedOnToolsVersion = 6.1.1;
						TestTargetID = 815327521AD5B01C00D8D230;
					};
				};
			};
			buildConfigurationList = 8153274E1AD5B01C00D8D230 /* Build configuration list for PBXProject "BayAreaChess" */;
			compatibilityVersion = "Xcode 3.2";
			developmentRegion = English;
			hasScannedForEncodings = 0;
			knownRegions = (
				en,
				Base,
			);
			mainGroup = 8153274A1AD5B01C00D8D230;
			productRefGroup = 815327541AD5B01C00D8D230 /* Products */;
			projectDirPath = "";
			projectReferences = (
				{
					ProductGroup = 81E4BA4B1AF40D0E00A18621 /* Products */;
					ProjectRef = 81E4BA4A1AF40D0E00A18621 /* SwiftHTTP.xcodeproj */;
				},
			);
			projectRoot = "";
			targets = (
				815327521AD5B01C00D8D230 /* BayAreaChess */,
				815327691AD5B01C00D8D230 /* BayAreaChessTests */,
			);
		};
/* End PBXProject section */

/* Begin PBXReferenceProxy section */
		81E4BA521AF40D0F00A18621 /* SwiftHTTP.framework */ = {
			isa = PBXReferenceProxy;
			fileType = wrapper.framework;
			path = SwiftHTTP.framework;
			remoteRef = 81E4BA511AF40D0F00A18621 /* PBXContainerItemProxy */;
			sourceTree = BUILT_PRODUCTS_DIR;
		};
		81E4BA541AF40D0F00A18621 /* SwiftHTTPTests.xctest */ = {
			isa = PBXReferenceProxy;
			fileType = wrapper.cfbundle;
			path = SwiftHTTPTests.xctest;
			remoteRef = 81E4BA531AF40D0F00A18621 /* PBXContainerItemProxy */;
			sourceTree = BUILT_PRODUCTS_DIR;
		};
		81E4BA561AF40D0F00A18621 /* SwiftHTTP.framework */ = {
			isa = PBXReferenceProxy;
			fileType = wrapper.framework;
			path = SwiftHTTP.framework;
			remoteRef = 81E4BA551AF40D0F00A18621 /* PBXContainerItemProxy */;
			sourceTree = BUILT_PRODUCTS_DIR;
		};
		81E4BA581AF40D0F00A18621 /* SwiftHTTPOSXTests.xctest */ = {
			isa = PBXReferenceProxy;
			fileType = wrapper.cfbundle;
			path = SwiftHTTPOSXTests.xctest;
			remoteRef = 81E4BA571AF40D0F00A18621 /* PBXContainerItemProxy */;
			sourceTree = BUILT_PRODUCTS_DIR;
		};
/* End PBXReferenceProxy section */

/* Begin PBXResourcesBuildPhase section */
		815327511AD5B01C00D8D230 /* Resources */ = {
			isa = PBXResourcesBuildPhase;
			buildActionMask = 2147483647;
			files = (
				815327601AD5B01C00D8D230 /* Main.storyboard in Resources */,
				815327651AD5B01C00D8D230 /* LaunchScreen.xib in Resources */,
				810AA73C1AD5DCA100E8FF25 /* SF.jpg in Resources */,
				810AA7441AD7995300E8FF25 /* thebay.jpg in Resources */,
				819BB0871B3E0036002C9E2C /* address book@2x.png in Resources */,
				810AA7461AD79A8600E8FF25 /* sample.jpg in Resources */,
				815327621AD5B01C00D8D230 /* Images.xcassets in Resources */,
			);
			runOnlyForDeploymentPostprocessing = 0;
		};
		815327681AD5B01C00D8D230 /* Resources */ = {
			isa = PBXResourcesBuildPhase;
			buildActionMask = 2147483647;
			files = (
			);
			runOnlyForDeploymentPostprocessing = 0;
		};
/* End PBXResourcesBuildPhase section */

/* Begin PBXSourcesBuildPhase section */
		8153274F1AD5B01C00D8D230 /* Sources */ = {
			isa = PBXSourcesBuildPhase;
			buildActionMask = 2147483647;
			files = (
				81483A651B3A088500DEE874 /* EditProfileViewController.swift in Sources */,
				8153277B1AD5B8EA00D8D230 /* LoginViewController.swift in Sources */,
				815B4F771B4F112200CFB735 /* RegistrationViewController.swift in Sources */,
				815B4F6F1B49C10300CFB735 /* TournamentLocationAnnotation.swift in Sources */,
				810AA7421AD78C9200E8FF25 /* InitialViewController.swift in Sources */,
				81291FE81AE09B4900793FC6 /* LandingViewController.swift in Sources */,
				813CA8B11AF84E8000B8EA6C /* SwiftyJSON.swift in Sources */,
				8153275D1AD5B01C00D8D230 /* SecondViewController.swift in Sources */,
				81E2ADC21B46303C005DB051 /* TournamentLocationViewController.swift in Sources */,
				815B4F751B49C55C00CFB735 /* TournamentLocationViewControllerExtension.swift in Sources */,
				810AA73E1AD6501100E8FF25 /* NavigationController.swift in Sources */,
				810AA7401AD7741B00E8FF25 /* TextField.swift in Sources */,
				81E4B9A81AF324AF00A18621 /* TournamentsViewController.swift in Sources */,
				81E2ADBC1B4624FE005DB051 /* FlyerViewController.swift in Sources */,
				81291FEA1AE09ECA00793FC6 /* SignUpViewController.swift in Sources */,
				815327591AD5B01C00D8D230 /* AppDelegate.swift in Sources */,
				8153275B1AD5B01C00D8D230 /* FirstViewController.swift in Sources */,
				8115EFC81AF88A8000280411 /* Constants.swift in Sources */,
				819BB08A1B447844002C9E2C /* TournamentInformation.swift in Sources */,
			);
			runOnlyForDeploymentPostprocessing = 0;
		};
		815327661AD5B01C00D8D230 /* Sources */ = {
			isa = PBXSourcesBuildPhase;
			buildActionMask = 2147483647;
			files = (
				815327711AD5B01C00D8D230 /* BayAreaChessTests.swift in Sources */,
			);
			runOnlyForDeploymentPostprocessing = 0;
		};
/* End PBXSourcesBuildPhase section */

/* Begin PBXTargetDependency section */
		8153276C1AD5B01C00D8D230 /* PBXTargetDependency */ = {
			isa = PBXTargetDependency;
			target = 815327521AD5B01C00D8D230 /* BayAreaChess */;
			targetProxy = 8153276B1AD5B01C00D8D230 /* PBXContainerItemProxy */;
		};
/* End PBXTargetDependency section */

/* Begin PBXVariantGroup section */
		8153275E1AD5B01C00D8D230 /* Main.storyboard */ = {
			isa = PBXVariantGroup;
			children = (
				8153275F1AD5B01C00D8D230 /* Base */,
			);
			name = Main.storyboard;
			sourceTree = "<group>";
		};
		815327631AD5B01C00D8D230 /* LaunchScreen.xib */ = {
			isa = PBXVariantGroup;
			children = (
				815327641AD5B01C00D8D230 /* Base */,
			);
			name = LaunchScreen.xib;
			sourceTree = "<group>";
		};
/* End PBXVariantGroup section */

/* Begin XCBuildConfiguration section */
		815327721AD5B01C00D8D230 /* Debug */ = {
			isa = XCBuildConfiguration;
			buildSettings = {
				ALWAYS_SEARCH_USER_PATHS = NO;
				CLANG_CXX_LANGUAGE_STANDARD = "gnu++0x";
				CLANG_CXX_LIBRARY = "libc++";
				CLANG_ENABLE_MODULES = YES;
				CLANG_ENABLE_OBJC_ARC = YES;
				CLANG_WARN_BOOL_CONVERSION = YES;
				CLANG_WARN_CONSTANT_CONVERSION = YES;
				CLANG_WARN_DIRECT_OBJC_ISA_USAGE = YES_ERROR;
				CLANG_WARN_EMPTY_BODY = YES;
				CLANG_WARN_ENUM_CONVERSION = YES;
				CLANG_WARN_INT_CONVERSION = YES;
				CLANG_WARN_OBJC_ROOT_CLASS = YES_ERROR;
				CLANG_WARN_UNREACHABLE_CODE = YES;
				CLANG_WARN__DUPLICATE_METHOD_MATCH = YES;
				"CODE_SIGN_IDENTITY[sdk=iphoneos*]" = "iPhone Developer";
				COPY_PHASE_STRIP = NO;
				ENABLE_STRICT_OBJC_MSGSEND = YES;
				GCC_C_LANGUAGE_STANDARD = gnu99;
				GCC_DYNAMIC_NO_PIC = NO;
				GCC_OPTIMIZATION_LEVEL = 0;
				GCC_PREPROCESSOR_DEFINITIONS = (
					"DEBUG=1",
					"$(inherited)",
				);
				GCC_SYMBOLS_PRIVATE_EXTERN = NO;
				GCC_WARN_64_TO_32_BIT_CONVERSION = YES;
				GCC_WARN_ABOUT_RETURN_TYPE = YES_ERROR;
				GCC_WARN_UNDECLARED_SELECTOR = YES;
				GCC_WARN_UNINITIALIZED_AUTOS = YES_AGGRESSIVE;
				GCC_WARN_UNUSED_FUNCTION = YES;
				GCC_WARN_UNUSED_VARIABLE = YES;
				IPHONEOS_DEPLOYMENT_TARGET = 8.1;
				MTL_ENABLE_DEBUG_INFO = YES;
				ONLY_ACTIVE_ARCH = YES;
				SDKROOT = iphoneos;
				SWIFT_OPTIMIZATION_LEVEL = "-Onone";
				TARGETED_DEVICE_FAMILY = "1,2";
			};
			name = Debug;
		};
		815327731AD5B01C00D8D230 /* Release */ = {
			isa = XCBuildConfiguration;
			buildSettings = {
				ALWAYS_SEARCH_USER_PATHS = NO;
				CLANG_CXX_LANGUAGE_STANDARD = "gnu++0x";
				CLANG_CXX_LIBRARY = "libc++";
				CLANG_ENABLE_MODULES = YES;
				CLANG_ENABLE_OBJC_ARC = YES;
				CLANG_WARN_BOOL_CONVERSION = YES;
				CLANG_WARN_CONSTANT_CONVERSION = YES;
				CLANG_WARN_DIRECT_OBJC_ISA_USAGE = YES_ERROR;
				CLANG_WARN_EMPTY_BODY = YES;
				CLANG_WARN_ENUM_CONVERSION = YES;
				CLANG_WARN_INT_CONVERSION = YES;
				CLANG_WARN_OBJC_ROOT_CLASS = YES_ERROR;
				CLANG_WARN_UNREACHABLE_CODE = YES;
				CLANG_WARN__DUPLICATE_METHOD_MATCH = YES;
				"CODE_SIGN_IDENTITY[sdk=iphoneos*]" = "iPhone Developer";
				COPY_PHASE_STRIP = YES;
				ENABLE_NS_ASSERTIONS = NO;
				ENABLE_STRICT_OBJC_MSGSEND = YES;
				GCC_C_LANGUAGE_STANDARD = gnu99;
				GCC_WARN_64_TO_32_BIT_CONVERSION = YES;
				GCC_WARN_ABOUT_RETURN_TYPE = YES_ERROR;
				GCC_WARN_UNDECLARED_SELECTOR = YES;
				GCC_WARN_UNINITIALIZED_AUTOS = YES_AGGRESSIVE;
				GCC_WARN_UNUSED_FUNCTION = YES;
				GCC_WARN_UNUSED_VARIABLE = YES;
				IPHONEOS_DEPLOYMENT_TARGET = 8.1;
				MTL_ENABLE_DEBUG_INFO = NO;
				SDKROOT = iphoneos;
				TARGETED_DEVICE_FAMILY = "1,2";
				VALIDATE_PRODUCT = YES;
			};
			name = Release;
		};
		815327751AD5B01C00D8D230 /* Debug */ = {
			isa = XCBuildConfiguration;
			buildSettings = {
				ASSETCATALOG_COMPILER_APPICON_NAME = AppIcon;
				CODE_SIGN_IDENTITY = "iPhone Developer";
				"CODE_SIGN_IDENTITY[sdk=iphoneos*]" = "iPhone Developer";
				FRAMEWORK_SEARCH_PATHS = (
					"$(inherited)",
					"/Users/czarlos/Desktop/SwiftHTTP/build/Debug-iphoneos",
				);
				INFOPLIST_FILE = BayAreaChess/Info.plist;
				LD_RUNPATH_SEARCH_PATHS = "$(inherited) @executable_path/Frameworks";
				PRODUCT_NAME = "$(TARGET_NAME)";
				PROVISIONING_PROFILE = "";
			};
			name = Debug;
		};
		815327761AD5B01C00D8D230 /* Release */ = {
			isa = XCBuildConfiguration;
			buildSettings = {
				ASSETCATALOG_COMPILER_APPICON_NAME = AppIcon;
				CODE_SIGN_IDENTITY = "iPhone Developer";
				"CODE_SIGN_IDENTITY[sdk=iphoneos*]" = "iPhone Developer";
				FRAMEWORK_SEARCH_PATHS = (
					"$(inherited)",
					"/Users/czarlos/Desktop/SwiftHTTP/build/Debug-iphoneos",
				);
				INFOPLIST_FILE = BayAreaChess/Info.plist;
				LD_RUNPATH_SEARCH_PATHS = "$(inherited) @executable_path/Frameworks";
				PRODUCT_NAME = "$(TARGET_NAME)";
				PROVISIONING_PROFILE = "";
			};
			name = Release;
		};
		815327781AD5B01C00D8D230 /* Debug */ = {
			isa = XCBuildConfiguration;
			buildSettings = {
				BUNDLE_LOADER = "$(TEST_HOST)";
				FRAMEWORK_SEARCH_PATHS = (
					"$(SDKROOT)/Developer/Library/Frameworks",
					"$(inherited)",
				);
				GCC_PREPROCESSOR_DEFINITIONS = (
					"DEBUG=1",
					"$(inherited)",
				);
				INFOPLIST_FILE = BayAreaChessTests/Info.plist;
				LD_RUNPATH_SEARCH_PATHS = "$(inherited) @executable_path/Frameworks @loader_path/Frameworks";
				PRODUCT_NAME = "$(TARGET_NAME)";
				TEST_HOST = "$(BUILT_PRODUCTS_DIR)/BayAreaChess.app/BayAreaChess";
			};
			name = Debug;
		};
		815327791AD5B01C00D8D230 /* Release */ = {
			isa = XCBuildConfiguration;
			buildSettings = {
				BUNDLE_LOADER = "$(TEST_HOST)";
				FRAMEWORK_SEARCH_PATHS = (
					"$(SDKROOT)/Developer/Library/Frameworks",
					"$(inherited)",
				);
				INFOPLIST_FILE = BayAreaChessTests/Info.plist;
				LD_RUNPATH_SEARCH_PATHS = "$(inherited) @executable_path/Frameworks @loader_path/Frameworks";
				PRODUCT_NAME = "$(TARGET_NAME)";
				TEST_HOST = "$(BUILT_PRODUCTS_DIR)/BayAreaChess.app/BayAreaChess";
			};
			name = Release;
		};
/* End XCBuildConfiguration section */

/* Begin XCConfigurationList section */
		8153274E1AD5B01C00D8D230 /* Build configuration list for PBXProject "BayAreaChess" */ = {
			isa = XCConfigurationList;
			buildConfigurations = (
				815327721AD5B01C00D8D230 /* Debug */,
				815327731AD5B01C00D8D230 /* Release */,
			);
			defaultConfigurationIsVisible = 0;
			defaultConfigurationName = Release;
		};
		815327741AD5B01C00D8D230 /* Build configuration list for PBXNativeTarget "BayAreaChess" */ = {
			isa = XCConfigurationList;
			buildConfigurations = (
				815327751AD5B01C00D8D230 /* Debug */,
				815327761AD5B01C00D8D230 /* Release */,
			);
			defaultConfigurationIsVisible = 0;
			defaultConfigurationName = Release;
		};
		815327771AD5B01C00D8D230 /* Build configuration list for PBXNativeTarget "BayAreaChessTests" */ = {
			isa = XCConfigurationList;
			buildConfigurations = (
				815327781AD5B01C00D8D230 /* Debug */,
				815327791AD5B01C00D8D230 /* Release */,
			);
			defaultConfigurationIsVisible = 0;
			defaultConfigurationName = Release;
		};
/* End XCConfigurationList section */
	};
	rootObject = 8153274B1AD5B01C00D8D230 /* Project object */;
}
